// !$*UTF8*$!
{
	archiveVersion = 1;
	classes = {
	};
	objectVersion = 46;
	objects = {

/* Begin PBXBuildFile section */
		8A979C871D865187001A924B /* main.m in Sources */ = {isa = PBXBuildFile; fileRef = 8A979C861D865187001A924B /* main.m */; };
		8A979C8A1D865187001A924B /* AppDelegate.m in Sources */ = {isa = PBXBuildFile; fileRef = 8A979C891D865187001A924B /* AppDelegate.m */; };
		8A979C8D1D865187001A924B /* ViewController.m in Sources */ = {isa = PBXBuildFile; fileRef = 8A979C8C1D865187001A924B /* ViewController.m */; };
		8A979C901D865187001A924B /* Main.storyboard in Resources */ = {isa = PBXBuildFile; fileRef = 8A979C8E1D865187001A924B /* Main.storyboard */; };
		8A979C921D865187001A924B /* Assets.xcassets in Resources */ = {isa = PBXBuildFile; fileRef = 8A979C911D865187001A924B /* Assets.xcassets */; };
		8A979C951D865187001A924B /* LaunchScreen.storyboard in Resources */ = {isa = PBXBuildFile; fileRef = 8A979C931D865187001A924B /* LaunchScreen.storyboard */; };
		8A979C9F1D865208001A924B /* TableViewCell.m in Sources */ = {isa = PBXBuildFile; fileRef = 8A979C9D1D865208001A924B /* TableViewCell.m */; };
		8A979CA01D865208001A924B /* TableViewCell.xib in Resources */ = {isa = PBXBuildFile; fileRef = 8A979C9E1D865208001A924B /* TableViewCell.xib */; };
/* End PBXBuildFile section */

/* Begin PBXFileReference section */
		8A979C821D865187001A924B /* tabelViewCell多选.app */ = {isa = PBXFileReference; explicitFileType = wrapper.application; includeInIndex = 0; path = "tabelViewCell多选.app"; sourceTree = BUILT_PRODUCTS_DIR; };
		8A979C861D865187001A924B /* main.m */ = {isa = PBXFileReference; lastKnownFileType = sourcecode.c.objc; path = main.m; sourceTree = "<group>"; };
		8A979C881D865187001A924B /* AppDelegate.h */ = {isa = PBXFileReference; lastKnownFileType = sourcecode.c.h; path = AppDelegate.h; sourceTree = "<group>"; };
		8A979C891D865187001A924B /* AppDelegate.m */ = {isa = PBXFileReference; lastKnownFileType = sourcecode.c.objc; path = AppDelegate.m; sourceTree = "<group>"; };
		8A979C8B1D865187001A924B /* ViewController.h */ = {isa = PBXFileReference; lastKnownFileType = sourcecode.c.h; path = ViewController.h; sourceTree = "<group>"; };
		8A979C8C1D865187001A924B /* ViewController.m */ = {isa = PBXFileReference; lastKnownFileType = sourcecode.c.objc; path = ViewController.m; sourceTree = "<group>"; };
		8A979C8F1D865187001A924B /* Base */ = {isa = PBXFileReference; lastKnownFileType = file.storyboard; name = Base; path = Base.lproj/Main.storyboard; sourceTree = "<group>"; };
		8A979C911D865187001A924B /* Assets.xcassets */ = {isa = PBXFileReference; lastKnownFileType = folder.assetcatalog; path = Assets.xcassets; sourceTree = "<group>"; };
		8A979C941D865187001A924B /* Base */ = {isa = PBXFileReference; lastKnownFileType = file.storyboard; name = Base; path = Base.lproj/LaunchScreen.storyboard; sourceTree = "<group>"; };
		8A979C961D865187001A924B /* Info.plist */ = {isa = PBXFileReference; lastKnownFileType = text.plist.xml; path = Info.plist; sourceTree = "<group>"; };
		8A979C9C1D865208001A924B /* TableViewCell.h */ = {isa = PBXFileReference; fileEncoding = 4; lastKnownFileType = sourcecode.c.h; path = TableViewCell.h; sourceTree = "<group>"; };
		8A979C9D1D865208001A924B /* TableViewCell.m */ = {isa = PBXFileReference; fileEncoding = 4; lastKnownFileType = sourcecode.c.objc; path = TableViewCell.m; sourceTree = "<group>"; };
		8A979C9E1D865208001A924B /* TableViewCell.xib */ = {isa = PBXFileReference; fileEncoding = 4; lastKnownFileType = file.xib; path = TableViewCell.xib; sourceTree = "<group>"; };
/* End PBXFileReference section */

/* Begin PBXFrameworksBuildPhase section */
		8A979C7F1D865187001A924B /* Frameworks */ = {
			isa = PBXFrameworksBuildPhase;
			buildActionMask = 2147483647;
			files = (
			);
			runOnlyForDeploymentPostprocessing = 0;
		};
/* End PBXFrameworksBuildPhase section */

/* Begin PBXGroup section */
		8A979C791D865187001A924B = {
			isa = PBXGroup;
			children = (
				8A979C841D865187001A924B /* tabelViewCell多选 */,
				8A979C831D865187001A924B /* Products */,
			);
			sourceTree = "<group>";
		};
		8A979C831D865187001A924B /* Products */ = {
			isa = PBXGroup;
			children = (
				8A979C821D865187001A924B /* tabelViewCell多选.app */,
			);
			name = Products;
			sourceTree = "<group>";
		};
		8A979C841D865187001A924B /* tabelViewCell多选 */ = {
			isa = PBXGroup;
			children = (
				8A979C881D865187001A924B /* AppDelegate.h */,
				8A979C891D865187001A924B /* AppDelegate.m */,
				8A979C8B1D865187001A924B /* ViewController.h */,
				8A979C8C1D865187001A924B /* ViewController.m */,
				8A979C8E1D865187001A924B /* Main.storyboard */,
				8A979C9C1D865208001A924B /* TableViewCell.h */,
				8A979C9D1D865208001A924B /* TableViewCell.m */,
				8A979C9E1D865208001A924B /* TableViewCell.xib */,
				8A979C911D865187001A924B /* Assets.xcassets */,
				8A979C931D865187001A924B /* LaunchScreen.storyboard */,
				8A979C961D865187001A924B /* Info.plist */,
				8A979C851D865187001A924B /* Supporting Files */,
			);
			path = "tabelViewCell多选";
			sourceTree = "<group>";
		};
		8A979C851D865187001A924B /* Supporting Files */ = {
			isa = PBXGroup;
			children = (
				8A979C861D865187001A924B /* main.m */,
			);
			name = "Supporting Files";
			sourceTree = "<group>";
		};
/* End PBXGroup section */

/* Begin PBXNativeTarget section */
		8A979C811D865187001A924B /* tabelViewCell多选 */ = {
			isa = PBXNativeTarget;
			buildConfigurationList = 8A979C991D865187001A924B /* Build configuration list for PBXNativeTarget "tabelViewCell多选" */;
			buildPhases = (
				8A979C7E1D865187001A924B /* Sources */,
				8A979C7F1D865187001A924B /* Frameworks */,
				8A979C801D865187001A924B /* Resources */,
			);
			buildRules = (
			);
			dependencies = (
			);
			name = "tabelViewCell多选";
			productName = "tabelViewCell多选";
			productReference = 8A979C821D865187001A924B /* tabelViewCell多选.app */;
			productType = "com.apple.product-type.application";
		};
/* End PBXNativeTarget section */

/* Begin PBXProject section */
		8A979C7A1D865187001A924B /* Project object */ = {
			isa = PBXProject;
			attributes = {
				LastUpgradeCheck = 0730;
				ORGANIZATIONNAME = "刘明";
				TargetAttributes = {
					8A979C811D865187001A924B = {
						CreatedOnToolsVersion = 7.3.1;
						DevelopmentTeam = PPW9FUQJ5U;
					};
				};
			};
			buildConfigurationList = 8A979C7D1D865187001A924B /* Build configuration list for PBXProject "tabelViewCell多选" */;
			compatibilityVersion = "Xcode 3.2";
			developmentRegion = English;
			hasScannedForEncodings = 0;
			knownRegions = (
				en,
				Base,
			);
			mainGroup = 8A979C791D865187001A924B;
			productRefGroup = 8A979C831D865187001A924B /* Products */;
			projectDirPath = "";
			projectRoot = "";
			targets = (
				8A979C811D865187001A924B /* tabelViewCell多选 */,
			);
		};
/* End PBXProject section */

/* Begin PBXResourcesBuildPhase section */
		8A979C801D865187001A924B /* Resources */ = {
			isa = PBXResourcesBuildPhase;
			buildActionMask = 2147483647;
			files = (
				8A979C951D865187001A924B /* LaunchScreen.storyboard in Resources */,
				8A979CA01D865208001A924B /* TableViewCell.xib in Resources */,
				8A979C921D865187001A924B /* Assets.xcassets in Resources */,
				8A979C901D865187001A924B /* Main.storyboard in Resources */,
			);
			runOnlyForDeploymentPostprocessing = 0;
		};
/* End PBXResourcesBuildPhase section */

/* Begin PBXSourcesBuildPhase section */
		8A979C7E1D865187001A924B /* Sources */ = {
			isa = PBXSourcesBuildPhase;
			buildActionMask = 2147483647;
			files = (
				8A979C8D1D865187001A924B /* ViewController.m in Sources */,
				8A979C9F1D865208001A924B /* TableViewCell.m in Sources */,
				8A979C8A1D865187001A924B /* AppDelegate.m in Sources */,
				8A979C871D865187001A924B /* main.m in Sources */,
			);
			runOnlyForDeploymentPostprocessing = 0;
		};
/* End PBXSourcesBuildPhase section */

/* Begin PBXVariantGroup section */
		8A979C8E1D865187001A924B /* Main.storyboard */ = {
			isa = PBXVariantGroup;
			children = (
				8A979C8F1D865187001A924B /* Base */,
			);
			name = Main.storyboard;
			sourceTree = "<group>";
		};
		8A979C931D865187001A924B /* LaunchScreen.storyboard */ = {
			isa = PBXVariantGroup;
			children = (
				8A979C941D865187001A924B /* Base */,
			);
			name = LaunchScreen.storyboard;
			sourceTree = "<group>";
		};
/* End PBXVariantGroup section */

/* Begin XCBuildConfiguration section */
		8A979C971D865187001A924B /* Debug */ = {
			isa = XCBuildConfiguration;
			buildSettings = {
				ALWAYS_SEARCH_USER_PATHS = NO;
				CLANG_ANALYZER_NONNULL = YES;
				CLANG_CXX_LANGUAGE_STANDARD = "gnu++0x";
				CLANG_CXX_LIBRARY = "libc++";
				CLANG_ENABLE_MODULES = YES;
				CLANG_ENABLE_OBJC_ARC = YES;
				CLANG_WARN_BOOL_CONVERSION = YES;
				CLANG_WARN_CONSTANT_CONVERSION = YES;
				CLANG_WARN_DIRECT_OBJC_ISA_USAGE = YES_ERROR;
				CLANG_WARN_EMPTY_BODY = YES;
				CLANG_WARN_ENUM_CONVERSION = YES;
				CLANG_WARN_INT_CONVERSION = YES;
				CLANG_WARN_OBJC_ROOT_CLASS = YES_ERROR;
				CLANG_WARN_UNREACHABLE_CODE = YES;
				CLANG_WARN__DUPLICATE_METHOD_MATCH = YES;
				"CODE_SIGN_IDENTITY[sdk=iphoneos*]" = "iPhone Developer";
				COPY_PHASE_STRIP = NO;
				DEBUG_INFORMATION_FORMAT = dwarf;
				ENABLE_STRICT_OBJC_MSGSEND = YES;
				ENABLE_TESTABILITY = YES;
				GCC_C_LANGUAGE_STANDARD = gnu99;
				GCC_DYNAMIC_NO_PIC = NO;
				GCC_NO_COMMON_BLOCKS = YES;
				GCC_OPTIMIZATION_LEVEL = 0;
				GCC_PREPROCESSOR_DEFINITIONS = (
					"DEBUG=1",
					"$(inherited)",
				);
				GCC_WARN_64_TO_32_BIT_CONVERSION = YES;
				GCC_WARN_ABOUT_RETURN_TYPE = YES_ERROR;
				GCC_WARN_UNDECLARED_SELECTOR = YES;
				GCC_WARN_UNINITIALIZED_AUTOS = YES_AGGRESSIVE;
				GCC_WARN_UNUSED_FUNCTION = YES;
				GCC_WARN_UNUSED_VARIABLE = YES;
				IPHONEOS_DEPLOYMENT_TARGET = 9.3;
				MTL_ENABLE_DEBUG_INFO = YES;
				ONLY_ACTIVE_ARCH = YES;
				SDKROOT = iphoneos;
			};
			name = Debug;
		};
		8A979C981D865187001A924B /* Release */ = {
			isa = XCBuildConfiguration;
			buildSettings = {
				ALWAYS_SEARCH_USER_PATHS = NO;
				CLANG_ANALYZER_NONNULL = YES;
				CLANG_CXX_LANGUAGE_STANDARD = "gnu++0x";
				CLANG_CXX_LIBRARY = "libc++";
				CLANG_ENABLE_MODULES = YES;
				CLANG_ENABLE_OBJC_ARC = YES;
				CLANG_WARN_BOOL_CONVERSION = YES;
				CLANG_WARN_CONSTANT_CONVERSION = YES;
				CLANG_WARN_DIRECT_OBJC_ISA_USAGE = YES_ERROR;
				CLANG_WARN_EMPTY_BODY = YES;
				CLANG_WARN_ENUM_CONVERSION = YES;
				CLANG_WARN_INT_CONVERSION = YES;
				CLANG_WARN_OBJC_ROOT_CLASS = YES_ERROR;
				CLANG_WARN_UNREACHABLE_CODE = YES;
				CLANG_WARN__DUPLICATE_METHOD_MATCH = YES;
				"CODE_SIGN_IDENTITY[sdk=iphoneos*]" = "iPhone Developer";
				COPY_PHASE_STRIP = NO;
				DEBUG_INFORMATION_FORMAT = "dwarf-with-dsym";
				ENABLE_NS_ASSERTIONS = NO;
				ENABLE_STRICT_OBJC_MSGSEND = YES;
				GCC_C_LANGUAGE_STANDARD = gnu99;
				GCC_NO_COMMON_BLOCKS = YES;
				GCC_WARN_64_TO_32_BIT_CONVERSION = YES;
				GCC_WARN_ABOUT_RETURN_TYPE = YES_ERROR;
				GCC_WARN_UNDECLARED_SELECTOR = YES;
				GCC_WARN_UNINITIALIZED_AUTOS = YES_AGGRESSIVE;
				GCC_WARN_UNUSED_FUNCTION = YES;
				GCC_WARN_UNUSED_VARIABLE = YES;
				IPHONEOS_DEPLOYMENT_TARGET = 9.3;
				MTL_ENABLE_DEBUG_INFO = NO;
				SDKROOT = iphoneos;
				VALIDATE_PRODUCT = YES;
			};
			name = Release;
		};
		8A979C9A1D865187001A924B /* Debug */ = {
			isa = XCBuildConfiguration;
			buildSettings = {
				ASSETCATALOG_COMPILER_APPICON_NAME = AppIcon;
				INFOPLIST_FILE = "tabelViewCell多选/Info.plist";
				LD_RUNPATH_SEARCH_PATHS = "$(inherited) @executable_path/Frameworks";
				PRODUCT_BUNDLE_IDENTIFIER = "com.cofco.app.tabelViewCell--";
				PRODUCT_NAME = "$(TARGET_NAME)";
			};
			name = Debug;
		};
		8A979C9B1D865187001A924B /* Release */ = {
			isa = XCBuildConfiguration;
			buildSettings = {
				ASSETCATALOG_COMPILER_APPICON_NAME = AppIcon;
				INFOPLIST_FILE = "tabelViewCell多选/Info.plist";
				LD_RUNPATH_SEARCH_PATHS = "$(inherited) @executable_path/Frameworks";
				PRODUCT_BUNDLE_IDENTIFIER = "com.cofco.app.tabelViewCell--";
				PRODUCT_NAME = "$(TARGET_NAME)";
			};
			name = Release;
		};
/* End XCBuildConfiguration section */

/* Begin XCConfigurationList section */
		8A979C7D1D865187001A924B /* Build configuration list for PBXProject "tabelViewCell多选" */ = {
			isa = XCConfigurationList;
			buildConfigurations = (
				8A979C971D865187001A924B /* Debug */,
				8A979C981D865187001A924B /* Release */,
			);
			defaultConfigurationIsVisible = 0;
			defaultConfigurationName = Release;
		};
		8A979C991D865187001A924B /* Build configuration list for PBXNativeTarget "tabelViewCell多选" */ = {
			isa = XCConfigurationList;
			buildConfigurations = (
				8A979C9A1D865187001A924B /* Debug */,
				8A979C9B1D865187001A924B /* Release */,
			);
			defaultConfigurationIsVisible = 0;
		};
/* End XCConfigurationList section */
	};
	rootObject = 8A979C7A1D865187001A924B /* Project object */;
}
